
Microsoft Visual Studio Solution File, Format Version 12.00
# Visual Studio Version 17
VisualStudioVersion = 17.12.35506.116
MinimumVisualStudioVersion = 10.0.40219.1
Project("{FAE04EC0-301F-11D3-BF4B-00C04F79EFBC}") = "CoinCompassAP", "CoinCompassAP\CoinCompassAP.csproj", "{23917DD0-1FD1-4711-BB82-F850887EBAC9}"
EndProject
Project("{FAE04EC0-301F-11D3-BF4B-00C04F79EFBC}") = "CoinCompassAPI.Application", "CoinCompassAPI.Application\CoinCompassAPI.Application.csproj", "{5EF8EB81-3040-4CB9-AFAB-AB68D01BC876}"
EndProject
Project("{FAE04EC0-301F-11D3-BF4B-00C04F79EFBC}") = "CoinCompassAPI.Domain", "CoinCompassAPI.Domain\CoinCompassAPI.Domain.csproj", "{EC1AE593-4E2F-448F-B147-697CD54B6BC5}"
EndProject
Project("{FAE04EC0-301F-11D3-BF4B-00C04F79EFBC}") = "CoinCompassAPI.Infrastructure", "CoinCompassAPI.Infrastructure\CoinCompassAPI.Infrastructure.csproj", "{A55407F3-DADF-4A50-83AC-252F5E10A117}"
EndProject
Global
	GlobalSection(SolutionConfigurationPlatforms) = preSolution
		Debug|Any CPU = Debug|Any CPU
		Release|Any CPU = Release|Any CPU
	EndGlobalSection
	GlobalSection(ProjectConfigurationPlatforms) = postSolution
		{23917DD0-1FD1-4711-BB82-F850887EBAC9}.Debug|Any CPU.ActiveCfg = Debug|Any CPU
		{23917DD0-1FD1-4711-BB82-F850887EBAC9}.Debug|Any CPU.Build.0 = Debug|Any CPU
		{23917DD0-1FD1-4711-BB82-F850887EBAC9}.Release|Any CPU.ActiveCfg = Release|Any CPU
		{23917DD0-1FD1-4711-BB82-F850887EBAC9}.Release|Any CPU.Build.0 = Release|Any CPU
		{5EF8EB81-3040-4CB9-AFAB-AB68D01BC876}.Debug|Any CPU.ActiveCfg = Debug|Any CPU
		{5EF8EB81-3040-4CB9-AFAB-AB68D01BC876}.Debug|Any CPU.Build.0 = Debug|Any CPU
		{5EF8EB81-3040-4CB9-AFAB-AB68D01BC876}.Release|Any CPU.ActiveCfg = Release|Any CPU
		{5EF8EB81-3040-4CB9-AFAB-AB68D01BC876}.Release|Any CPU.Build.0 = Release|Any CPU
		{EC1AE593-4E2F-448F-B147-697CD54B6BC5}.Debug|Any CPU.ActiveCfg = Debug|Any CPU
		{EC1AE593-4E2F-448F-B147-697CD54B6BC5}.Debug|Any CPU.Build.0 = Debug|Any CPU
		{EC1AE593-4E2F-448F-B147-697CD54B6BC5}.Release|Any CPU.ActiveCfg = Release|Any CPU
		{EC1AE593-4E2F-448F-B147-697CD54B6BC5}.Release|Any CPU.Build.0 = Release|Any CPU
		{A55407F3-DADF-4A50-83AC-252F5E10A117}.Debug|Any CPU.ActiveCfg = Debug|Any CPU
		{A55407F3-DADF-4A50-83AC-252F5E10A117}.Debug|Any CPU.Build.0 = Debug|Any CPU
		{A55407F3-DADF-4A50-83AC-252F5E10A117}.Release|Any CPU.ActiveCfg = Release|Any CPU
		{A55407F3-DADF-4A50-83AC-252F5E10A117}.Release|Any CPU.Build.0 = Release|Any CPU
	EndGlobalSection
	GlobalSection(SolutionProperties) = preSolution
		HideSolutionNode = FALSE
	EndGlobalSection
EndGlobal
